<?xml version="1.0" encoding="utf-8"?>
<Project ToolsVersion="4.0" xmlns="http://schemas.microsoft.com/developer/msbuild/2003">
  <ItemGroup>
    <Filter Include="Source Files">
      <UniqueIdentifier>{4FC737F1-C7A5-4376-A066-2A32D752A2FF}</UniqueIdentifier>
      <Extensions>cpp;c;cc;cxx;def;odl;idl;hpj;bat;asm;asmx</Extensions>
    </Filter>
    <Filter Include="Header Files">
      <UniqueIdentifier>{93995380-89BD-4b04-88EB-625FBE52EBFB}</UniqueIdentifier>
      <Extensions>h;hh;hpp;hxx;hm;inl;inc;ipp;xsd</Extensions>
    </Filter>
    <Filter Include="Resource Files">
      <UniqueIdentifier>{67DA6AB6-F800-4c08-8B7A-83BB121AAD01}</UniqueIdentifier>
      <Extensions>rc;ico;cur;bmp;dlg;rc2;rct;bin;rgs;gif;jpg;jpeg;jpe;resx;tiff;tif;png;wav;mfcribbon-ms</Extensions>
    </Filter>
    <Filter Include="Header Files\IMMDevicesAPI">
      <UniqueIdentifier>{4f9a981c-687b-479f-a8f9-28e934473d66}</UniqueIdentifier>
    </Filter>
    <Filter Include="Source Files\IMMDevicesAPI">
      <UniqueIdentifier>{31efa8ce-5378-4594-a406-7b615a2b6e1c}</UniqueIdentifier>
    </Filter>
    <Filter Include="Header Files\Application">
      <UniqueIdentifier>{5c71fedd-2f47-459a-9045-aab21388cc2c}</UniqueIdentifier>
    </Filter>
    <Filter Include="Source Files\Application">
      <UniqueIdentifier>{4b2db0ec-61ec-458a-b588-208b1ce49bc7}</UniqueIdentifier>
    </Filter>
  </ItemGroup>
  <ItemGroup>
    <ClInclude Include="WinProc.h">
      <Filter>Header Files</Filter>
    </ClInclude>
    <ClInclude Include="immdevicesapi\IMMAudioCaptureClientApi.h">
      <Filter>Header Files\IMMDevicesAPI</Filter>
    </ClInclude>
    <ClInclude Include="immdevicesapi\IMMAudioClientApi.h">
      <Filter>Header Files\IMMDevicesAPI</Filter>
    </ClInclude>
    <ClInclude Include="immdevicesapi\IMMAudioRenderClientApi.h">
      <Filter>Header Files\IMMDevicesAPI</Filter>
    </ClInclude>
    <ClInclude Include="immdevicesapi\IMMDeviceApi.h">
      <Filter>Header Files\IMMDevicesAPI</Filter>
    </ClInclude>
    <ClInclude Include="immdevicesapi\IMMDeviceCollectionApi.h">
      <Filter>Header Files\IMMDevicesAPI</Filter>
    </ClInclude>
    <ClInclude Include="immdevicesapi\IMMDeviceEnumerator.h">
      <Filter>Header Files\IMMDevicesAPI</Filter>
    </ClInclude>
    <ClInclude Include="immdevicesapi\IMMDevices.h">
      <Filter>Header Files\IMMDevicesAPI</Filter>
    </ClInclude>
    <ClInclude Include="immdevicesapi\IMMDevicesAPI.h">
      <Filter>Header Files\IMMDevicesAPI</Filter>
    </ClInclude>
    <ClInclude Include="immdevicesapi\NotificationClient.h">
      <Filter>Header Files\IMMDevicesAPI</Filter>
    </ClInclude>
    <ClInclude Include="application\AboutHandler.h">
      <Filter>Header Files\Application</Filter>
    </ClInclude>
    <ClInclude Include="application\Application.h">
      <Filter>Header Files\Application</Filter>
    </ClInclude>
    <ClInclude Include="application\Constants.h">
      <Filter>Header Files\Application</Filter>
    </ClInclude>
    <ClInclude Include="application\Declarations.h">
      <Filter>Header Files\Application</Filter>
    </ClInclude>
    <ClInclude Include="application\UI.h">
      <Filter>Header Files\Application</Filter>
    </ClInclude>
    <ClInclude Include="application\Controls.h">
      <Filter>Header Files\Application</Filter>
    </ClInclude>
    <ClInclude Include="application\framework.h">
      <Filter>Header Files\Application</Filter>
    </ClInclude>
    <ClInclude Include="application\RegisterWindow.h">
      <Filter>Header Files\Application</Filter>
    </ClInclude>
    <ClInclude Include="application\Functions.h">
      <Filter>Header Files\Application</Filter>
    </ClInclude>
    <ClInclude Include="application\targetver.h">
      <Filter>Header Files\Application</Filter>
    </ClInclude>
    <ClInclude Include="application\resource.h">
      <Filter>Header Files\Application</Filter>
    </ClInclude>
  </ItemGroup>
  <ItemGroup>
    <ClCompile Include="immdevicessrc\IMMAudioCaptureClientApi.cpp">
      <Filter>Source Files\IMMDevicesAPI</Filter>
    </ClCompile>
    <ClCompile Include="immdevicessrc\IMMAudioClientApi.cpp">
      <Filter>Source Files\IMMDevicesAPI</Filter>
    </ClCompile>
    <ClCompile Include="immdevicessrc\IMMAudioRenderClientApi.cpp">
      <Filter>Source Files\IMMDevicesAPI</Filter>
    </ClCompile>
    <ClCompile Include="immdevicessrc\IMMDeviceApi.cpp">
      <Filter>Source Files\IMMDevicesAPI</Filter>
    </ClCompile>
    <ClCompile Include="immdevicessrc\IMMDeviceCollectionApi.cpp">
      <Filter>Source Files\IMMDevicesAPI</Filter>
    </ClCompile>
    <ClCompile Include="immdevicessrc\IMMDeviceEnumerator.cpp">
      <Filter>Source Files\IMMDevicesAPI</Filter>
    </ClCompile>
    <ClCompile Include="immdevicessrc\IMMDevicesAPI.cpp">
      <Filter>Source Files\IMMDevicesAPI</Filter>
    </ClCompile>
    <ClCompile Include="immdevicessrc\IPropertyStoreApi.cpp">
      <Filter>Source Files\IMMDevicesAPI</Filter>
    </ClCompile>
    <ClCompile Include="immdevicessrc\NotificationClient.cpp">
      <Filter>Source Files\IMMDevicesAPI</Filter>
    </ClCompile>
    <ClCompile Include="applicationsrc\AboutHandler.cpp">
      <Filter>Source Files\Application</Filter>
    </ClCompile>
    <ClCompile Include="applicationsrc\Controls.cpp">
      <Filter>Source Files\Application</Filter>
    </ClCompile>
    <ClCompile Include="applicationsrc\Functions.cpp">
      <Filter>Source Files\Application</Filter>
    </ClCompile>
    <ClCompile Include="applicationsrc\Main.cpp">
      <Filter>Source Files\Application</Filter>
    </ClCompile>
  </ItemGroup>
  <ItemGroup>
    <ResourceCompile Include="WindowsProject1.rc">
      <Filter>Resource Files</Filter>
    </ResourceCompile>
  </ItemGroup>
  <ItemGroup>
    <Image Include="small.ico">
      <Filter>Resource Files</Filter>
    </Image>
    <Image Include="WindowsProject1.ico">
      <Filter>Resource Files</Filter>
    </Image>
  </ItemGroup>
</Project>